// !$*UTF8*$!
{
	archiveVersion = 1;
	classes = {
	};
	objectVersion = 55;
	objects = {

/* Begin PBXBuildFile section */
		64A9A06FDFBFA5A8324A008D /* Pods_ADXSampleSwift.framework in Frameworks */ = {isa = PBXBuildFile; fileRef = FAB3A4BCA2A2EE9E54945156 /* Pods_ADXSampleSwift.framework */; };
		CC4F010627D2094400847E76 /* AppDelegate.swift in Sources */ = {isa = PBXBuildFile; fileRef = CC4F010527D2094400847E76 /* AppDelegate.swift */; };
		CC4F010D27D2094400847E76 /* Main.storyboard in Resources */ = {isa = PBXBuildFile; fileRef = CC4F010B27D2094400847E76 /* Main.storyboard */; };
		CC4F010F27D2094500847E76 /* Assets.xcassets in Resources */ = {isa = PBXBuildFile; fileRef = CC4F010E27D2094500847E76 /* Assets.xcassets */; };
		CC4F011227D2094500847E76 /* LaunchScreen.storyboard in Resources */ = {isa = PBXBuildFile; fileRef = CC4F011027D2094500847E76 /* LaunchScreen.storyboard */; };
		CC4F012627D209FF00847E76 /* NativeAdPlacerViewController.swift in Sources */ = {isa = PBXBuildFile; fileRef = CC4F011827D209FF00847E76 /* NativeAdPlacerViewController.swift */; };
		CC4F012727D209FF00847E76 /* NativeAdView.xib in Resources */ = {isa = PBXBuildFile; fileRef = CC4F011A27D209FF00847E76 /* NativeAdView.xib */; };
		CC4F012827D209FF00847E76 /* NativeAdView.swift in Sources */ = {isa = PBXBuildFile; fileRef = CC4F011B27D209FF00847E76 /* NativeAdView.swift */; };
		CC4F012927D209FF00847E76 /* NativeViewController.swift in Sources */ = {isa = PBXBuildFile; fileRef = CC4F011C27D209FF00847E76 /* NativeViewController.swift */; };
		CC4F012A27D209FF00847E76 /* BannerViewController.swift in Sources */ = {isa = PBXBuildFile; fileRef = CC4F011E27D209FF00847E76 /* BannerViewController.swift */; };
		CC4F012B27D209FF00847E76 /* MRECViewController.swift in Sources */ = {isa = PBXBuildFile; fileRef = CC4F011F27D209FF00847E76 /* MRECViewController.swift */; };
		CC4F012C27D209FF00847E76 /* InterstitialViewController.swift in Sources */ = {isa = PBXBuildFile; fileRef = CC4F012127D209FF00847E76 /* InterstitialViewController.swift */; };
		CC4F012D27D209FF00847E76 /* MainViewController.swift in Sources */ = {isa = PBXBuildFile; fileRef = CC4F012227D209FF00847E76 /* MainViewController.swift */; };
		CC4F012E27D209FF00847E76 /* RewardedViewController.swift in Sources */ = {isa = PBXBuildFile; fileRef = CC4F012427D209FF00847E76 /* RewardedViewController.swift */; };
		CC4F012F27D209FF00847E76 /* AdMobRewardedViewController.swift in Sources */ = {isa = PBXBuildFile; fileRef = CC4F012527D209FF00847E76 /* AdMobRewardedViewController.swift */; };
		CCF5A2AA2806BD4B007C5018 /* AdConstants.swift in Sources */ = {isa = PBXBuildFile; fileRef = CCF5A2A92806BD4B007C5018 /* AdConstants.swift */; };
/* End PBXBuildFile section */

/* Begin PBXFileReference section */
		2B334811F6BE02B3575710DF /* Pods-ADXSampleSwift.debug.xcconfig */ = {isa = PBXFileReference; includeInIndex = 1; lastKnownFileType = text.xcconfig; name = "Pods-ADXSampleSwift.debug.xcconfig"; path = "Target Support Files/Pods-ADXSampleSwift/Pods-ADXSampleSwift.debug.xcconfig"; sourceTree = "<group>"; };
		CC4F010327D2094400847E76 /* ADXSampleSwift.app */ = {isa = PBXFileReference; explicitFileType = wrapper.application; includeInIndex = 0; path = ADXSampleSwift.app; sourceTree = BUILT_PRODUCTS_DIR; };
		CC4F010527D2094400847E76 /* AppDelegate.swift */ = {isa = PBXFileReference; lastKnownFileType = sourcecode.swift; path = AppDelegate.swift; sourceTree = "<group>"; };
		CC4F010C27D2094400847E76 /* Base */ = {isa = PBXFileReference; lastKnownFileType = file.storyboard; name = Base; path = Base.lproj/Main.storyboard; sourceTree = "<group>"; };
		CC4F010E27D2094500847E76 /* Assets.xcassets */ = {isa = PBXFileReference; lastKnownFileType = folder.assetcatalog; path = Assets.xcassets; sourceTree = "<group>"; };
		CC4F011127D2094500847E76 /* Base */ = {isa = PBXFileReference; lastKnownFileType = file.storyboard; name = Base; path = Base.lproj/LaunchScreen.storyboard; sourceTree = "<group>"; };
		CC4F011327D2094500847E76 /* Info.plist */ = {isa = PBXFileReference; lastKnownFileType = text.plist.xml; path = Info.plist; sourceTree = "<group>"; };
		CC4F011827D209FF00847E76 /* NativeAdPlacerViewController.swift */ = {isa = PBXFileReference; fileEncoding = 4; lastKnownFileType = sourcecode.swift; path = NativeAdPlacerViewController.swift; sourceTree = "<group>"; };
		CC4F011A27D209FF00847E76 /* NativeAdView.xib */ = {isa = PBXFileReference; fileEncoding = 4; lastKnownFileType = file.xib; path = NativeAdView.xib; sourceTree = "<group>"; };
		CC4F011B27D209FF00847E76 /* NativeAdView.swift */ = {isa = PBXFileReference; fileEncoding = 4; lastKnownFileType = sourcecode.swift; path = NativeAdView.swift; sourceTree = "<group>"; };
		CC4F011C27D209FF00847E76 /* NativeViewController.swift */ = {isa = PBXFileReference; fileEncoding = 4; lastKnownFileType = sourcecode.swift; path = NativeViewController.swift; sourceTree = "<group>"; };
		CC4F011E27D209FF00847E76 /* BannerViewController.swift */ = {isa = PBXFileReference; fileEncoding = 4; lastKnownFileType = sourcecode.swift; path = BannerViewController.swift; sourceTree = "<group>"; };
		CC4F011F27D209FF00847E76 /* MRECViewController.swift */ = {isa = PBXFileReference; fileEncoding = 4; lastKnownFileType = sourcecode.swift; path = MRECViewController.swift; sourceTree = "<group>"; };
		CC4F012127D209FF00847E76 /* InterstitialViewController.swift */ = {isa = PBXFileReference; fileEncoding = 4; lastKnownFileType = sourcecode.swift; path = InterstitialViewController.swift; sourceTree = "<group>"; };
		CC4F012227D209FF00847E76 /* MainViewController.swift */ = {isa = PBXFileReference; fileEncoding = 4; lastKnownFileType = sourcecode.swift; path = MainViewController.swift; sourceTree = "<group>"; };
		CC4F012427D209FF00847E76 /* RewardedViewController.swift */ = {isa = PBXFileReference; fileEncoding = 4; lastKnownFileType = sourcecode.swift; path = RewardedViewController.swift; sourceTree = "<group>"; };
		CC4F012527D209FF00847E76 /* AdMobRewardedViewController.swift */ = {isa = PBXFileReference; fileEncoding = 4; lastKnownFileType = sourcecode.swift; path = AdMobRewardedViewController.swift; sourceTree = "<group>"; };
		CCF5A2A92806BD4B007C5018 /* AdConstants.swift */ = {isa = PBXFileReference; lastKnownFileType = sourcecode.swift; path = AdConstants.swift; sourceTree = "<group>"; };
		DA743574EF5A396F5CAEE258 /* Pods-ADXSampleSwift.release.xcconfig */ = {isa = PBXFileReference; includeInIndex = 1; lastKnownFileType = text.xcconfig; name = "Pods-ADXSampleSwift.release.xcconfig"; path = "Target Support Files/Pods-ADXSampleSwift/Pods-ADXSampleSwift.release.xcconfig"; sourceTree = "<group>"; };
		FAB3A4BCA2A2EE9E54945156 /* Pods_ADXSampleSwift.framework */ = {isa = PBXFileReference; explicitFileType = wrapper.framework; includeInIndex = 0; path = Pods_ADXSampleSwift.framework; sourceTree = BUILT_PRODUCTS_DIR; };
/* End PBXFileReference section */

/* Begin PBXFrameworksBuildPhase section */
		CC4F010027D2094400847E76 /* Frameworks */ = {
			isa = PBXFrameworksBuildPhase;
			buildActionMask = 2147483647;
			files = (
				64A9A06FDFBFA5A8324A008D /* Pods_ADXSampleSwift.framework in Frameworks */,
			);
			runOnlyForDeploymentPostprocessing = 0;
		};
/* End PBXFrameworksBuildPhase section */

/* Begin PBXGroup section */
		8AB786D7EBFA2643BD314064 /* Frameworks */ = {
			isa = PBXGroup;
			children = (
				FAB3A4BCA2A2EE9E54945156 /* Pods_ADXSampleSwift.framework */,
			);
			name = Frameworks;
			sourceTree = "<group>";
		};
		A254C8C9B81FF648458FFE46 /* Pods */ = {
			isa = PBXGroup;
			children = (
				2B334811F6BE02B3575710DF /* Pods-ADXSampleSwift.debug.xcconfig */,
				DA743574EF5A396F5CAEE258 /* Pods-ADXSampleSwift.release.xcconfig */,
			);
			path = Pods;
			sourceTree = "<group>";
		};
		CC4F010427D2094400847E76 /* ADXSampleSwift */ = {
			isa = PBXGroup;
			children = (
				CC4F011D27D209FF00847E76 /* Banner */,
				CC4F012027D209FF00847E76 /* Interstitial */,
				CC4F011727D209FF00847E76 /* Native */,
				CC4F012327D209FF00847E76 /* Rewarded */,
				CCF5A2A92806BD4B007C5018 /* AdConstants.swift */,
				CC4F010527D2094400847E76 /* AppDelegate.swift */,
				CC4F012227D209FF00847E76 /* MainViewController.swift */,
				CC4F010B27D2094400847E76 /* Main.storyboard */,
				CC4F013027D20A1100847E76 /* Support Files */,
			);
			path = ADXSampleSwift;
			sourceTree = "<group>";
		};
		CC4F011727D209FF00847E76 /* Native */ = {
			isa = PBXGroup;
			children = (
				CC4F011927D209FF00847E76 /* NativeAdView */,
				CC4F011C27D209FF00847E76 /* NativeViewController.swift */,
				CC4F011827D209FF00847E76 /* NativeAdPlacerViewController.swift */,
			);
			path = Native;
			sourceTree = "<group>";
		};
		CC4F011927D209FF00847E76 /* NativeAdView */ = {
			isa = PBXGroup;
			children = (
				CC4F011B27D209FF00847E76 /* NativeAdView.swift */,
				CC4F011A27D209FF00847E76 /* NativeAdView.xib */,
			);
			path = NativeAdView;
			sourceTree = "<group>";
		};
		CC4F011D27D209FF00847E76 /* Banner */ = {
			isa = PBXGroup;
			children = (
				CC4F011E27D209FF00847E76 /* BannerViewController.swift */,
				CC4F011F27D209FF00847E76 /* MRECViewController.swift */,
			);
			path = Banner;
			sourceTree = "<group>";
		};
		CC4F012027D209FF00847E76 /* Interstitial */ = {
			isa = PBXGroup;
			children = (
				CC4F012127D209FF00847E76 /* InterstitialViewController.swift */,
			);
			path = Interstitial;
			sourceTree = "<group>";
		};
		CC4F012327D209FF00847E76 /* Rewarded */ = {
			isa = PBXGroup;
			children = (
				CC4F012427D209FF00847E76 /* RewardedViewController.swift */,
				CC4F012527D209FF00847E76 /* AdMobRewardedViewController.swift */,
			);
			path = Rewarded;
			sourceTree = "<group>";
		};
		CC4F013027D20A1100847E76 /* Support Files */ = {
			isa = PBXGroup;
			children = (
				CC4F011027D2094500847E76 /* LaunchScreen.storyboard */,
				CC4F010E27D2094500847E76 /* Assets.xcassets */,
				CC4F011327D2094500847E76 /* Info.plist */,
			);
			name = "Support Files";
			sourceTree = "<group>";
		};
		CCDE27AB27B5478C00602F1A = {
			isa = PBXGroup;
			children = (
				CC4F010427D2094400847E76 /* ADXSampleSwift */,
				CCDE27B527B5478C00602F1A /* Products */,
				A254C8C9B81FF648458FFE46 /* Pods */,
				8AB786D7EBFA2643BD314064 /* Frameworks */,
			);
			sourceTree = "<group>";
		};
		CCDE27B527B5478C00602F1A /* Products */ = {
			isa = PBXGroup;
			children = (
				CC4F010327D2094400847E76 /* ADXSampleSwift.app */,
			);
			name = Products;
			sourceTree = "<group>";
		};
/* End PBXGroup section */

/* Begin PBXNativeTarget section */
		CC4F010227D2094400847E76 /* ADXSampleSwift */ = {
			isa = PBXNativeTarget;
			buildConfigurationList = CC4F011427D2094500847E76 /* Build configuration list for PBXNativeTarget "ADXSampleSwift" */;
			buildPhases = (
				E90188F613A99E789CBA189D /* [CP] Check Pods Manifest.lock */,
				CC4F00FF27D2094400847E76 /* Sources */,
				CC4F010027D2094400847E76 /* Frameworks */,
				CC4F010127D2094400847E76 /* Resources */,
				BD722EF85FFF410B29F46A0B /* [CP] Embed Pods Frameworks */,
				91C90235AE9B8D770FD331DF /* [CP] Copy Pods Resources */,
			);
			buildRules = (
			);
			dependencies = (
			);
			name = ADXSampleSwift;
			productName = ADXSampleSwift;
			productReference = CC4F010327D2094400847E76 /* ADXSampleSwift.app */;
			productType = "com.apple.product-type.application";
		};
/* End PBXNativeTarget section */

/* Begin PBXProject section */
		CCDE27AC27B5478C00602F1A /* Project object */ = {
			isa = PBXProject;
			attributes = {
				BuildIndependentTargetsInParallel = 1;
				LastSwiftUpdateCheck = 1300;
				LastUpgradeCheck = 1300;
				TargetAttributes = {
					CC4F010227D2094400847E76 = {
						CreatedOnToolsVersion = 13.0;
					};
				};
			};
			buildConfigurationList = CCDE27AF27B5478C00602F1A /* Build configuration list for PBXProject "ADXSampleSwift" */;
			compatibilityVersion = "Xcode 13.0";
			developmentRegion = en;
			hasScannedForEncodings = 0;
			knownRegions = (
				en,
				Base,
			);
			mainGroup = CCDE27AB27B5478C00602F1A;
			productRefGroup = CCDE27B527B5478C00602F1A /* Products */;
			projectDirPath = "";
			projectRoot = "";
			targets = (
				CC4F010227D2094400847E76 /* ADXSampleSwift */,
			);
		};
/* End PBXProject section */

/* Begin PBXResourcesBuildPhase section */
		CC4F010127D2094400847E76 /* Resources */ = {
			isa = PBXResourcesBuildPhase;
			buildActionMask = 2147483647;
			files = (
				CC4F012727D209FF00847E76 /* NativeAdView.xib in Resources */,
				CC4F011227D2094500847E76 /* LaunchScreen.storyboard in Resources */,
				CC4F010F27D2094500847E76 /* Assets.xcassets in Resources */,
				CC4F010D27D2094400847E76 /* Main.storyboard in Resources */,
			);
			runOnlyForDeploymentPostprocessing = 0;
		};
/* End PBXResourcesBuildPhase section */

/* Begin PBXShellScriptBuildPhase section */
		91C90235AE9B8D770FD331DF /* [CP] Copy Pods Resources */ = {
			isa = PBXShellScriptBuildPhase;
			buildActionMask = 2147483647;
			files = (
			);
			inputFileListPaths = (
				"${PODS_ROOT}/Target Support Files/Pods-ADXSampleSwift/Pods-ADXSampleSwift-resources-${CONFIGURATION}-input-files.xcfilelist",
			);
			name = "[CP] Copy Pods Resources";
			outputFileListPaths = (
				"${PODS_ROOT}/Target Support Files/Pods-ADXSampleSwift/Pods-ADXSampleSwift-resources-${CONFIGURATION}-output-files.xcfilelist",
			);
			runOnlyForDeploymentPostprocessing = 0;
			shellPath = /bin/sh;
			shellScript = "\"${PODS_ROOT}/Target Support Files/Pods-ADXSampleSwift/Pods-ADXSampleSwift-resources.sh\"\n";
			showEnvVarsInLog = 0;
		};
		BD722EF85FFF410B29F46A0B /* [CP] Embed Pods Frameworks */ = {
			isa = PBXShellScriptBuildPhase;
			buildActionMask = 2147483647;
			files = (
			);
			inputFileListPaths = (
				"${PODS_ROOT}/Target Support Files/Pods-ADXSampleSwift/Pods-ADXSampleSwift-frameworks-${CONFIGURATION}-input-files.xcfilelist",
			);
			name = "[CP] Embed Pods Frameworks";
			outputFileListPaths = (
				"${PODS_ROOT}/Target Support Files/Pods-ADXSampleSwift/Pods-ADXSampleSwift-frameworks-${CONFIGURATION}-output-files.xcfilelist",
			);
			runOnlyForDeploymentPostprocessing = 0;
			shellPath = /bin/sh;
			shellScript = "\"${PODS_ROOT}/Target Support Files/Pods-ADXSampleSwift/Pods-ADXSampleSwift-frameworks.sh\"\n";
			showEnvVarsInLog = 0;
		};
		E90188F613A99E789CBA189D /* [CP] Check Pods Manifest.lock */ = {
			isa = PBXShellScriptBuildPhase;
			buildActionMask = 2147483647;
			files = (
			);
			inputFileListPaths = (
			);
			inputPaths = (
				"${PODS_PODFILE_DIR_PATH}/Podfile.lock",
				"${PODS_ROOT}/Manifest.lock",
			);
			name = "[CP] Check Pods Manifest.lock";
			outputFileListPaths = (
			);
			outputPaths = (
				"$(DERIVED_FILE_DIR)/Pods-ADXSampleSwift-checkManifestLockResult.txt",
			);
			runOnlyForDeploymentPostprocessing = 0;
			shellPath = /bin/sh;
			shellScript = "diff \"${PODS_PODFILE_DIR_PATH}/Podfile.lock\" \"${PODS_ROOT}/Manifest.lock\" > /dev/null\nif [ $? != 0 ] ; then\n    # print error to STDERR\n    echo \"error: The sandbox is not in sync with the Podfile.lock. Run 'pod install' or update your CocoaPods installation.\" >&2\n    exit 1\nfi\n# This output is used by Xcode 'outputs' to avoid re-running this script phase.\necho \"SUCCESS\" > \"${SCRIPT_OUTPUT_FILE_0}\"\n";
			showEnvVarsInLog = 0;
		};
/* End PBXShellScriptBuildPhase section */

/* Begin PBXSourcesBuildPhase section */
		CC4F00FF27D2094400847E76 /* Sources */ = {
			isa = PBXSourcesBuildPhase;
			buildActionMask = 2147483647;
			files = (
				CC4F012A27D209FF00847E76 /* BannerViewController.swift in Sources */,
				CC4F010627D2094400847E76 /* AppDelegate.swift in Sources */,
				CC4F012627D209FF00847E76 /* NativeAdPlacerViewController.swift in Sources */,
				CC4F012B27D209FF00847E76 /* MRECViewController.swift in Sources */,
				CC4F012927D209FF00847E76 /* NativeViewController.swift in Sources */,
				CC4F012827D209FF00847E76 /* NativeAdView.swift in Sources */,
				CCF5A2AA2806BD4B007C5018 /* AdConstants.swift in Sources */,
				CC4F012E27D209FF00847E76 /* RewardedViewController.swift in Sources */,
				CC4F012C27D209FF00847E76 /* InterstitialViewController.swift in Sources */,
				CC4F012D27D209FF00847E76 /* MainViewController.swift in Sources */,
				CC4F012F27D209FF00847E76 /* AdMobRewardedViewController.swift in Sources */,
			);
			runOnlyForDeploymentPostprocessing = 0;
		};
/* End PBXSourcesBuildPhase section */

/* Begin PBXVariantGroup section */
		CC4F010B27D2094400847E76 /* Main.storyboard */ = {
			isa = PBXVariantGroup;
			children = (
				CC4F010C27D2094400847E76 /* Base */,
			);
			name = Main.storyboard;
			sourceTree = "<group>";
		};
		CC4F011027D2094500847E76 /* LaunchScreen.storyboard */ = {
			isa = PBXVariantGroup;
			children = (
				CC4F011127D2094500847E76 /* Base */,
			);
			name = LaunchScreen.storyboard;
			sourceTree = "<group>";
		};
/* End PBXVariantGroup section */

/* Begin XCBuildConfiguration section */
		CC4F011527D2094500847E76 /* Debug */ = {
			isa = XCBuildConfiguration;
			baseConfigurationReference = 2B334811F6BE02B3575710DF /* Pods-ADXSampleSwift.debug.xcconfig */;
			buildSettings = {
				ASSETCATALOG_COMPILER_GLOBAL_ACCENT_COLOR_NAME = AccentColor;
				CODE_SIGN_STYLE = Automatic;
				CURRENT_PROJECT_VERSION = 1;
				DEVELOPMENT_TEAM = 6V6UAGM9A4;
				GENERATE_INFOPLIST_FILE = YES;
				INFOPLIST_FILE = ADXSampleSwift/Info.plist;
				INFOPLIST_KEY_NSUserTrackingUsageDescription = "This identifier will be used to deliver personalized ads to you.";
				INFOPLIST_KEY_UIApplicationSupportsIndirectInputEvents = YES;
				INFOPLIST_KEY_UILaunchStoryboardName = LaunchScreen;
				INFOPLIST_KEY_UIMainStoryboardFile = Main;
				INFOPLIST_KEY_UISupportedInterfaceOrientations_iPad = "UIInterfaceOrientationPortrait UIInterfaceOrientationPortraitUpsideDown UIInterfaceOrientationLandscapeLeft UIInterfaceOrientationLandscapeRight";
				INFOPLIST_KEY_UISupportedInterfaceOrientations_iPhone = "UIInterfaceOrientationPortrait UIInterfaceOrientationLandscapeLeft UIInterfaceOrientationLandscapeRight";
				IPHONEOS_DEPLOYMENT_TARGET = 12.0;
				LD_RUNPATH_SEARCH_PATHS = (
					"$(inherited)",
					"@executable_path/Frameworks",
				);
				MARKETING_VERSION = 1.0;
				PRODUCT_BUNDLE_IDENTIFIER = com.adxcorp.adxdev;
				PRODUCT_NAME = "$(TARGET_NAME)";
				SWIFT_EMIT_LOC_STRINGS = YES;
				SWIFT_VERSION = 5.0;
				TARGETED_DEVICE_FAMILY = "1,2";
			};
			name = Debug;
		};
		CC4F011627D2094500847E76 /* Release */ = {
			isa = XCBuildConfiguration;
			baseConfigurationReference = DA743574EF5A396F5CAEE258 /* Pods-ADXSampleSwift.release.xcconfig */;
			buildSettings = {
				ASSETCATALOG_COMPILER_GLOBAL_ACCENT_COLOR_NAME = AccentColor;
				CODE_SIGN_STYLE = Automatic;
				CURRENT_PROJECT_VERSION = 1;
				DEVELOPMENT_TEAM = 6V6UAGM9A4;
				GENERATE_INFOPLIST_FILE = YES;
				INFOPLIST_FILE = ADXSampleSwift/Info.plist;
				INFOPLIST_KEY_NSUserTrackingUsageDescription = "This identifier will be used to deliver personalized ads to you.";
				INFOPLIST_KEY_UIApplicationSupportsIndirectInputEvents = YES;
				INFOPLIST_KEY_UILaunchStoryboardName = LaunchScreen;
				INFOPLIST_KEY_UIMainStoryboardFile = Main;
				INFOPLIST_KEY_UISupportedInterfaceOrientations_iPad = "UIInterfaceOrientationPortrait UIInterfaceOrientationPortraitUpsideDown UIInterfaceOrientationLandscapeLeft UIInterfaceOrientationLandscapeRight";
				INFOPLIST_KEY_UISupportedInterfaceOrientations_iPhone = "UIInterfaceOrientationPortrait UIInterfaceOrientationLandscapeLeft UIInterfaceOrientationLandscapeRight";
				IPHONEOS_DEPLOYMENT_TARGET = 12.0;
				LD_RUNPATH_SEARCH_PATHS = (
					"$(inherited)",
					"@executable_path/Frameworks",
				);
				MARKETING_VERSION = 1.0;
				PRODUCT_BUNDLE_IDENTIFIER = com.adxcorp.adxdev;
				PRODUCT_NAME = "$(TARGET_NAME)";
				SWIFT_EMIT_LOC_STRINGS = YES;
				SWIFT_VERSION = 5.0;
				TARGETED_DEVICE_FAMILY = "1,2";
			};
			name = Release;
		};
		CCDE27C627B5478D00602F1A /* Debug */ = {
			isa = XCBuildConfiguration;
			buildSettings = {
				ALWAYS_SEARCH_USER_PATHS = NO;
				CLANG_ANALYZER_NONNULL = YES;
				CLANG_ANALYZER_NUMBER_OBJECT_CONVERSION = YES_AGGRESSIVE;
				CLANG_CXX_LANGUAGE_STANDARD = "gnu++17";
				CLANG_CXX_LIBRARY = "libc++";
				CLANG_ENABLE_MODULES = YES;
				CLANG_ENABLE_OBJC_ARC = YES;
				CLANG_ENABLE_OBJC_WEAK = YES;
				CLANG_WARN_BLOCK_CAPTURE_AUTORELEASING = YES;
				CLANG_WARN_BOOL_CONVERSION = YES;
				CLANG_WARN_COMMA = YES;
				CLANG_WARN_CONSTANT_CONVERSION = YES;
				CLANG_WARN_DEPRECATED_OBJC_IMPLEMENTATIONS = YES;
				CLANG_WARN_DIRECT_OBJC_ISA_USAGE = YES_ERROR;
				CLANG_WARN_DOCUMENTATION_COMMENTS = YES;
				CLANG_WARN_EMPTY_BODY = YES;
				CLANG_WARN_ENUM_CONVERSION = YES;
				CLANG_WARN_INFINITE_RECURSION = YES;
				CLANG_WARN_INT_CONVERSION = YES;
				CLANG_WARN_NON_LITERAL_NULL_CONVERSION = YES;
				CLANG_WARN_OBJC_IMPLICIT_RETAIN_SELF = YES;
				CLANG_WARN_OBJC_LITERAL_CONVERSION = YES;
				CLANG_WARN_OBJC_ROOT_CLASS = YES_ERROR;
				CLANG_WARN_QUOTED_INCLUDE_IN_FRAMEWORK_HEADER = YES;
				CLANG_WARN_RANGE_LOOP_ANALYSIS = YES;
				CLANG_WARN_STRICT_PROTOTYPES = YES;
				CLANG_WARN_SUSPICIOUS_MOVE = YES;
				CLANG_WARN_UNGUARDED_AVAILABILITY = YES_AGGRESSIVE;
				CLANG_WARN_UNREACHABLE_CODE = YES;
				CLANG_WARN__DUPLICATE_METHOD_MATCH = YES;
				COPY_PHASE_STRIP = NO;
				DEBUG_INFORMATION_FORMAT = dwarf;
				ENABLE_STRICT_OBJC_MSGSEND = YES;
				ENABLE_TESTABILITY = YES;
				GCC_C_LANGUAGE_STANDARD = gnu11;
				GCC_DYNAMIC_NO_PIC = NO;
				GCC_NO_COMMON_BLOCKS = YES;
				GCC_OPTIMIZATION_LEVEL = 0;
				GCC_PREPROCESSOR_DEFINITIONS = (
					"DEBUG=1",
					"$(inherited)",
				);
				GCC_WARN_64_TO_32_BIT_CONVERSION = YES;
				GCC_WARN_ABOUT_RETURN_TYPE = YES_ERROR;
				GCC_WARN_UNDECLARED_SELECTOR = YES;
				GCC_WARN_UNINITIALIZED_AUTOS = YES_AGGRESSIVE;
				GCC_WARN_UNUSED_FUNCTION = YES;
				GCC_WARN_UNUSED_VARIABLE = YES;
				IPHONEOS_DEPLOYMENT_TARGET = 11.0;
				MTL_ENABLE_DEBUG_INFO = INCLUDE_SOURCE;
				MTL_FAST_MATH = YES;
				ONLY_ACTIVE_ARCH = YES;
				SDKROOT = iphoneos;
				SWIFT_ACTIVE_COMPILATION_CONDITIONS = DEBUG;
				SWIFT_OPTIMIZATION_LEVEL = "-Onone";
			};
			name = Debug;
		};
		CCDE27C727B5478D00602F1A /* Release */ = {
			isa = XCBuildConfiguration;
			buildSettings = {
				ALWAYS_SEARCH_USER_PATHS = NO;
				CLANG_ANALYZER_NONNULL = YES;
				CLANG_ANALYZER_NUMBER_OBJECT_CONVERSION = YES_AGGRESSIVE;
				CLANG_CXX_LANGUAGE_STANDARD = "gnu++17";
				CLANG_CXX_LIBRARY = "libc++";
				CLANG_ENABLE_MODULES = YES;
				CLANG_ENABLE_OBJC_ARC = YES;
				CLANG_ENABLE_OBJC_WEAK = YES;
				CLANG_WARN_BLOCK_CAPTURE_AUTORELEASING = YES;
				CLANG_WARN_BOOL_CONVERSION = YES;
				CLANG_WARN_COMMA = YES;
				CLANG_WARN_CONSTANT_CONVERSION = YES;
				CLANG_WARN_DEPRECATED_OBJC_IMPLEMENTATIONS = YES;
				CLANG_WARN_DIRECT_OBJC_ISA_USAGE = YES_ERROR;
				CLANG_WARN_DOCUMENTATION_COMMENTS = YES;
				CLANG_WARN_EMPTY_BODY = YES;
				CLANG_WARN_ENUM_CONVERSION = YES;
				CLANG_WARN_INFINITE_RECURSION = YES;
				CLANG_WARN_INT_CONVERSION = YES;
				CLANG_WARN_NON_LITERAL_NULL_CONVERSION = YES;
				CLANG_WARN_OBJC_IMPLICIT_RETAIN_SELF = YES;
				CLANG_WARN_OBJC_LITERAL_CONVERSION = YES;
				CLANG_WARN_OBJC_ROOT_CLASS = YES_ERROR;
				CLANG_WARN_QUOTED_INCLUDE_IN_FRAMEWORK_HEADER = YES;
				CLANG_WARN_RANGE_LOOP_ANALYSIS = YES;
				CLANG_WARN_STRICT_PROTOTYPES = YES;
				CLANG_WARN_SUSPICIOUS_MOVE = YES;
				CLANG_WARN_UNGUARDED_AVAILABILITY = YES_AGGRESSIVE;
				CLANG_WARN_UNREACHABLE_CODE = YES;
				CLANG_WARN__DUPLICATE_METHOD_MATCH = YES;
				COPY_PHASE_STRIP = NO;
				DEBUG_INFORMATION_FORMAT = "dwarf-with-dsym";
				ENABLE_NS_ASSERTIONS = NO;
				ENABLE_STRICT_OBJC_MSGSEND = YES;
				GCC_C_LANGUAGE_STANDARD = gnu11;
				GCC_NO_COMMON_BLOCKS = YES;
				GCC_WARN_64_TO_32_BIT_CONVERSION = YES;
				GCC_WARN_ABOUT_RETURN_TYPE = YES_ERROR;
				GCC_WARN_UNDECLARED_SELECTOR = YES;
				GCC_WARN_UNINITIALIZED_AUTOS = YES_AGGRESSIVE;
				GCC_WARN_UNUSED_FUNCTION = YES;
				GCC_WARN_UNUSED_VARIABLE = YES;
				IPHONEOS_DEPLOYMENT_TARGET = 11.0;
				MTL_ENABLE_DEBUG_INFO = NO;
				MTL_FAST_MATH = YES;
				SDKROOT = iphoneos;
				SWIFT_COMPILATION_MODE = wholemodule;
				SWIFT_OPTIMIZATION_LEVEL = "-O";
				VALIDATE_PRODUCT = YES;
			};
			name = Release;
		};
/* End XCBuildConfiguration section */

/* Begin XCConfigurationList section */
		CC4F011427D2094500847E76 /* Build configuration list for PBXNativeTarget "ADXSampleSwift" */ = {
			isa = XCConfigurationList;
			buildConfigurations = (
				CC4F011527D2094500847E76 /* Debug */,
				CC4F011627D2094500847E76 /* Release */,
			);
			defaultConfigurationIsVisible = 0;
			defaultConfigurationName = Release;
		};
		CCDE27AF27B5478C00602F1A /* Build configuration list for PBXProject "ADXSampleSwift" */ = {
			isa = XCConfigurationList;
			buildConfigurations = (
				CCDE27C627B5478D00602F1A /* Debug */,
				CCDE27C727B5478D00602F1A /* Release */,
			);
			defaultConfigurationIsVisible = 0;
			defaultConfigurationName = Release;
		};
/* End XCConfigurationList section */
	};
	rootObject = CCDE27AC27B5478C00602F1A /* Project object */;
}
